
Microsoft Visual Studio Solution File, Format Version 12.00
# Visual Studio Version 17
VisualStudioVersion = 17.11.35219.272
MinimumVisualStudioVersion = 10.0.40219.1
Project("{FAE04EC0-301F-11D3-BF4B-00C04F79EFBC}") = "EarthToRhino", "EarthToRhino\EarthToRhino.csproj", "{2ED23B0B-1090-45E9-BACF-D57AC8D363BE}"
EndProject
Global
	GlobalSection(SolutionConfigurationPlatforms) = preSolution
		Debug|Any CPU = Debug|Any CPU
		Release|Any CPU = Release|Any CPU
	EndGlobalSection
	GlobalSection(ProjectConfigurationPlatforms) = postSolution
		{2ED23B0B-1090-45E9-BACF-D57AC8D363BE}.Debug|Any CPU.ActiveCfg = Debug|Any CPU
		{2ED23B0B-1090-45E9-BACF-D57AC8D363BE}.Debug|Any CPU.Build.0 = Debug|Any CPU
		{2ED23B0B-1090-45E9-BACF-D57AC8D363BE}.Release|Any CPU.ActiveCfg = Release|Any CPU
		{2ED23B0B-1090-45E9-BACF-D57AC8D363BE}.Release|Any CPU.Build.0 = Release|Any CPU
	EndGlobalSection
	GlobalSection(SolutionProperties) = preSolution
		HideSolutionNode = FALSE
	EndGlobalSection
	GlobalSection(ExtensibilityGlobals) = postSolution
		SolutionGuid = {4281373B-115A-4319-AB42-6F38B41D4540}
	EndGlobalSection
EndGlobal
